
Microsoft Visual Studio Solution File, Format Version 12.00
# Visual Studio Version 16
VisualStudioVersion = 16.0.31313.79
MinimumVisualStudioVersion = 10.0.40219.1
Project("{2150E333-8FDC-42A3-9474-1A3956D46DE8}") = "2021", "2021", "{F6C5D3B6-EB49-4D5F-98CE-064F6F354698}"
EndProject
Project("{9A19103F-16F7-4668-BE54-9A1E7A4F7556}") = "AOC_2021_1", "AOC_2021_1\AOC_2021_1.csproj", "{93461725-6346-4FC4-A0CD-2E7758354BC1}"
EndProject
Project("{9A19103F-16F7-4668-BE54-9A1E7A4F7556}") = "AOC_2021_2", "AOC_2021_2\AOC_2021_2.csproj", "{F1875204-BF59-41CB-98FA-E6EDE0C993DE}"
EndProject
Project("{9A19103F-16F7-4668-BE54-9A1E7A4F7556}") = "AOC_2021_1_2", "AOC_2021_1_2\AOC_2021_1_2.csproj", "{84A08118-3AD8-4083-A2A1-1A24BF3182BD}"
EndProject
Project("{9A19103F-16F7-4668-BE54-9A1E7A4F7556}") = "AOC_2021_2_2", "AOC_2021_2_2\AOC_2021_2_2.csproj", "{0896620B-617A-4318-81B7-C221F114DB65}"
EndProject
Project("{9A19103F-16F7-4668-BE54-9A1E7A4F7556}") = "AOC.Util", "AOC.Util\AOC.Util.csproj", "{01F575D0-1C7D-471F-9FDD-C3FA032B0EDE}"
EndProject
Project("{2150E333-8FDC-42A3-9474-1A3956D46DE8}") = "2020", "2020", "{8B12EA6D-FCFA-432E-A6A5-3E6187E57480}"
EndProject
Project("{9A19103F-16F7-4668-BE54-9A1E7A4F7556}") = "AOC_2020_1", "AOC_2020_1\AOC_2020_1.csproj", "{0F084A5A-1877-4C56-B6E2-E1F654FF3D5E}"
EndProject
Project("{9A19103F-16F7-4668-BE54-9A1E7A4F7556}") = "AOC_2020_1_2", "AOC_2020_1_2\AOC_2020_1_2.csproj", "{01D7A395-464F-4F22-B2EA-622B1F636DE7}"
EndProject
Project("{9A19103F-16F7-4668-BE54-9A1E7A4F7556}") = "AOC_2020_2", "AOC_2020_2\AOC_2020_2.csproj", "{4BB9AC98-6899-4A8D-A9DF-87006BEC03BC}"
EndProject
Project("{9A19103F-16F7-4668-BE54-9A1E7A4F7556}") = "AOC_2020_2_2", "AOC_2020_2_2\AOC_2020_2_2.csproj", "{C079A41D-BA27-43F5-971B-54769624E726}"
EndProject
Project("{9A19103F-16F7-4668-BE54-9A1E7A4F7556}") = "AOC_2021_3", "AOC_2021_3\AOC_2021_3.csproj", "{AF94F755-A0F5-4B5A-8281-C0DF2B45A2C4}"
EndProject
Project("{9A19103F-16F7-4668-BE54-9A1E7A4F7556}") = "AOC_2021_3_2", "AOC_2021_3_2\AOC_2021_3_2.csproj", "{4ED976DD-3595-4EFB-B971-438050D98232}"
EndProject
Project("{9A19103F-16F7-4668-BE54-9A1E7A4F7556}") = "AOC_2020_3", "AOC_2020_3\AOC_2020_3.csproj", "{A321AEF9-B6C7-456A-A880-9C9CA3037121}"
EndProject
Project("{9A19103F-16F7-4668-BE54-9A1E7A4F7556}") = "AOC_2020_3_2", "AOC_2020_3_2\AOC_2020_3_2.csproj", "{3A5BE764-904E-430A-BCDA-81E9DE587AF4}"
EndProject
Project("{9A19103F-16F7-4668-BE54-9A1E7A4F7556}") = "AOC_2020_4", "AOC_2020_4\AOC_2020_4.csproj", "{EEF0E827-01F7-4232-A50D-5485C622F45C}"
EndProject
Project("{9A19103F-16F7-4668-BE54-9A1E7A4F7556}") = "AOC_2020_4_2", "AOC_2020_4_2\AOC_2020_4_2.csproj", "{1105D127-26CC-42EB-88DE-C3325C500EAA}"
EndProject
Project("{9A19103F-16F7-4668-BE54-9A1E7A4F7556}") = "AOC_2020_5", "AOC_2020_5\AOC_2020_5.csproj", "{6DD25D3E-7BC0-4CFE-98C1-76AA0FA67BC2}"
EndProject
Project("{9A19103F-16F7-4668-BE54-9A1E7A4F7556}") = "AOC_2020_5_2", "AOC_2020_5_2\AOC_2020_5_2.csproj", "{EA5A479C-53D8-4C55-A0C2-96B2FFAA3570}"
EndProject
Project("{9A19103F-16F7-4668-BE54-9A1E7A4F7556}") = "AOC_2021_4", "AOC_2021_4\AOC_2021_4.csproj", "{EB07762E-F077-4F4E-9542-8607F7939BF2}"
EndProject
Project("{9A19103F-16F7-4668-BE54-9A1E7A4F7556}") = "AOC_2021_4_2", "AOC_2021_4_2\AOC_2021_4_2.csproj", "{7D409660-5867-46BC-9D37-2178396E3521}"
EndProject
Project("{9A19103F-16F7-4668-BE54-9A1E7A4F7556}") = "AOC_2020_6", "AOC_2020_6\AOC_2020_6.csproj", "{E383CE1F-16F6-468B-A59A-66E726BF3584}"
EndProject
Project("{9A19103F-16F7-4668-BE54-9A1E7A4F7556}") = "AOC_2020_6_2", "AOC_2020_6_2\AOC_2020_6_2.csproj", "{B5C77B3F-65B8-4CE2-961F-F95ED0206932}"
EndProject
Project("{9A19103F-16F7-4668-BE54-9A1E7A4F7556}") = "AOC_2020_7", "AOC_2020_7\AOC_2020_7.csproj", "{7913AB8E-AB7A-4C70-9F5E-BEF8A4E69A1A}"
EndProject
Project("{8BC9CEB8-8B4A-11D0-8D11-00A0C91BC942}") = "AOC_2020_8", "AOC_2020_8\AOC_2020_8.vcxproj", "{CC5C6D38-2034-4010-A6A8-D3D516A306A5}"
EndProject
Project("{8BC9CEB8-8B4A-11D0-8D11-00A0C91BC942}") = "AOC.Util.cpp", "AOC.Util.cpp\AOC.Util.cpp.vcxproj", "{705177F7-29C1-4ADC-8824-0BB98D86B732}"
EndProject
Project("{8BC9CEB8-8B4A-11D0-8D11-00A0C91BC942}") = "AOC_2020_8_2", "AOC_2020_8_2\AOC_2020_8_2.vcxproj", "{D0B17E3D-4CD3-4686-877A-79444607D12A}"
EndProject
Project("{9A19103F-16F7-4668-BE54-9A1E7A4F7556}") = "AOC_2021_5", "AOC_2021_5\AOC_2021_5.csproj", "{E64E09EB-41AE-4A1B-A711-B511F4CFE560}"
EndProject
Project("{9A19103F-16F7-4668-BE54-9A1E7A4F7556}") = "AOC_2021_5_2", "AOC_2021_5_2\AOC_2021_5_2.csproj", "{E6972F12-2413-4FFC-8F87-DB7346480714}"
EndProject
Project("{9A19103F-16F7-4668-BE54-9A1E7A4F7556}") = "AOC_2020_9", "AOC_2020_9\AOC_2020_9.csproj", "{6462B5F9-EDD0-42CF-87F8-A1E8DF447050}"
EndProject
Project("{8BC9CEB8-8B4A-11D0-8D11-00A0C91BC942}") = "AOC_2020_10", "AOC_2020_10\AOC_2020_10.vcxproj", "{201FB328-514D-4914-9EAA-C6752506DDC3}"
EndProject
Project("{8BC9CEB8-8B4A-11D0-8D11-00A0C91BC942}") = "AOC_2020_11", "AOC_2020_11\AOC_2020_11.vcxproj", "{F3533242-FBB0-4FF9-9B3A-C9F0AD977C8C}"
EndProject
Project("{6EC3EE1D-3C4E-46DD-8F32-0CC8E7565705}") = "AOC_2021_6", "AOC_2021_6\AOC_2021_6.fsproj", "{F9F6A666-FF79-401D-B1FA-5A309C06A6E2}"
EndProject
Project("{2150E333-8FDC-42A3-9474-1A3956D46DE8}") = "AOC_2021_7", "AOC_2021_7", "{86BDAAAB-8087-4557-995B-F25D63A146AC}"
	ProjectSection(SolutionItems) = preProject
		AOC_2021_7\AOC_2021_7.xlsx = AOC_2021_7\AOC_2021_7.xlsx
	EndProjectSection
EndProject
Project("{F2A71F9B-5D33-465A-A702-920D77279786}") = "AOC_2020_12", "AOC_2020_12\AOC_2020_12.fsproj", "{C9073989-E84A-4563-BBAA-43FB6DE012E5}"
EndProject
Project("{F2A71F9B-5D33-465A-A702-920D77279786}") = "AOC_2020_12_2", "AOC_2020_12_2\AOC_2020_12_2.fsproj", "{8570C2A6-62CD-4B2A-90F5-6092EEEE1D20}"
EndProject
Global
	GlobalSection(SolutionConfigurationPlatforms) = preSolution
		Debug|Any CPU = Debug|Any CPU
		Debug|x64 = Debug|x64
		Debug|x86 = Debug|x86
		Release|Any CPU = Release|Any CPU
		Release|x64 = Release|x64
		Release|x86 = Release|x86
	EndGlobalSection
	GlobalSection(ProjectConfigurationPlatforms) = postSolution
		{93461725-6346-4FC4-A0CD-2E7758354BC1}.Debug|Any CPU.ActiveCfg = Debug|Any CPU
		{93461725-6346-4FC4-A0CD-2E7758354BC1}.Debug|Any CPU.Build.0 = Debug|Any CPU
		{93461725-6346-4FC4-A0CD-2E7758354BC1}.Debug|x64.ActiveCfg = Debug|Any CPU
		{93461725-6346-4FC4-A0CD-2E7758354BC1}.Debug|x64.Build.0 = Debug|Any CPU
		{93461725-6346-4FC4-A0CD-2E7758354BC1}.Debug|x86.ActiveCfg = Debug|Any CPU
		{93461725-6346-4FC4-A0CD-2E7758354BC1}.Debug|x86.Build.0 = Debug|Any CPU
		{93461725-6346-4FC4-A0CD-2E7758354BC1}.Release|Any CPU.ActiveCfg = Release|Any CPU
		{93461725-6346-4FC4-A0CD-2E7758354BC1}.Release|Any CPU.Build.0 = Release|Any CPU
		{93461725-6346-4FC4-A0CD-2E7758354BC1}.Release|x64.ActiveCfg = Release|Any CPU
		{93461725-6346-4FC4-A0CD-2E7758354BC1}.Release|x64.Build.0 = Release|Any CPU
		{93461725-6346-4FC4-A0CD-2E7758354BC1}.Release|x86.ActiveCfg = Release|Any CPU
		{93461725-6346-4FC4-A0CD-2E7758354BC1}.Release|x86.Build.0 = Release|Any CPU
		{F1875204-BF59-41CB-98FA-E6EDE0C993DE}.Debug|Any CPU.ActiveCfg = Debug|Any CPU
		{F1875204-BF59-41CB-98FA-E6EDE0C993DE}.Debug|Any CPU.Build.0 = Debug|Any CPU
		{F1875204-BF59-41CB-98FA-E6EDE0C993DE}.Debug|x64.ActiveCfg = Debug|Any CPU
		{F1875204-BF59-41CB-98FA-E6EDE0C993DE}.Debug|x64.Build.0 = Debug|Any CPU
		{F1875204-BF59-41CB-98FA-E6EDE0C993DE}.Debug|x86.ActiveCfg = Debug|Any CPU
		{F1875204-BF59-41CB-98FA-E6EDE0C993DE}.Debug|x86.Build.0 = Debug|Any CPU
		{F1875204-BF59-41CB-98FA-E6EDE0C993DE}.Release|Any CPU.ActiveCfg = Release|Any CPU
		{F1875204-BF59-41CB-98FA-E6EDE0C993DE}.Release|Any CPU.Build.0 = Release|Any CPU
		{F1875204-BF59-41CB-98FA-E6EDE0C993DE}.Release|x64.ActiveCfg = Release|Any CPU
		{F1875204-BF59-41CB-98FA-E6EDE0C993DE}.Release|x64.Build.0 = Release|Any CPU
		{F1875204-BF59-41CB-98FA-E6EDE0C993DE}.Release|x86.ActiveCfg = Release|Any CPU
		{F1875204-BF59-41CB-98FA-E6EDE0C993DE}.Release|x86.Build.0 = Release|Any CPU
		{84A08118-3AD8-4083-A2A1-1A24BF3182BD}.Debug|Any CPU.ActiveCfg = Debug|Any CPU
		{84A08118-3AD8-4083-A2A1-1A24BF3182BD}.Debug|Any CPU.Build.0 = Debug|Any CPU
		{84A08118-3AD8-4083-A2A1-1A24BF3182BD}.Debug|x64.ActiveCfg = Debug|Any CPU
		{84A08118-3AD8-4083-A2A1-1A24BF3182BD}.Debug|x64.Build.0 = Debug|Any CPU
		{84A08118-3AD8-4083-A2A1-1A24BF3182BD}.Debug|x86.ActiveCfg = Debug|Any CPU
		{84A08118-3AD8-4083-A2A1-1A24BF3182BD}.Debug|x86.Build.0 = Debug|Any CPU
		{84A08118-3AD8-4083-A2A1-1A24BF3182BD}.Release|Any CPU.ActiveCfg = Release|Any CPU
		{84A08118-3AD8-4083-A2A1-1A24BF3182BD}.Release|Any CPU.Build.0 = Release|Any CPU
		{84A08118-3AD8-4083-A2A1-1A24BF3182BD}.Release|x64.ActiveCfg = Release|Any CPU
		{84A08118-3AD8-4083-A2A1-1A24BF3182BD}.Release|x64.Build.0 = Release|Any CPU
		{84A08118-3AD8-4083-A2A1-1A24BF3182BD}.Release|x86.ActiveCfg = Release|Any CPU
		{84A08118-3AD8-4083-A2A1-1A24BF3182BD}.Release|x86.Build.0 = Release|Any CPU
		{0896620B-617A-4318-81B7-C221F114DB65}.Debug|Any CPU.ActiveCfg = Debug|Any CPU
		{0896620B-617A-4318-81B7-C221F114DB65}.Debug|Any CPU.Build.0 = Debug|Any CPU
		{0896620B-617A-4318-81B7-C221F114DB65}.Debug|x64.ActiveCfg = Debug|Any CPU
		{0896620B-617A-4318-81B7-C221F114DB65}.Debug|x64.Build.0 = Debug|Any CPU
		{0896620B-617A-4318-81B7-C221F114DB65}.Debug|x86.ActiveCfg = Debug|Any CPU
		{0896620B-617A-4318-81B7-C221F114DB65}.Debug|x86.Build.0 = Debug|Any CPU
		{0896620B-617A-4318-81B7-C221F114DB65}.Release|Any CPU.ActiveCfg = Release|Any CPU
		{0896620B-617A-4318-81B7-C221F114DB65}.Release|Any CPU.Build.0 = Release|Any CPU
		{0896620B-617A-4318-81B7-C221F114DB65}.Release|x64.ActiveCfg = Release|Any CPU
		{0896620B-617A-4318-81B7-C221F114DB65}.Release|x64.Build.0 = Release|Any CPU
		{0896620B-617A-4318-81B7-C221F114DB65}.Release|x86.ActiveCfg = Release|Any CPU
		{0896620B-617A-4318-81B7-C221F114DB65}.Release|x86.Build.0 = Release|Any CPU
		{01F575D0-1C7D-471F-9FDD-C3FA032B0EDE}.Debug|Any CPU.ActiveCfg = Debug|Any CPU
		{01F575D0-1C7D-471F-9FDD-C3FA032B0EDE}.Debug|Any CPU.Build.0 = Debug|Any CPU
		{01F575D0-1C7D-471F-9FDD-C3FA032B0EDE}.Debug|x64.ActiveCfg = Debug|Any CPU
		{01F575D0-1C7D-471F-9FDD-C3FA032B0EDE}.Debug|x64.Build.0 = Debug|Any CPU
		{01F575D0-1C7D-471F-9FDD-C3FA032B0EDE}.Debug|x86.ActiveCfg = Debug|Any CPU
		{01F575D0-1C7D-471F-9FDD-C3FA032B0EDE}.Debug|x86.Build.0 = Debug|Any CPU
		{01F575D0-1C7D-471F-9FDD-C3FA032B0EDE}.Release|Any CPU.ActiveCfg = Release|Any CPU
		{01F575D0-1C7D-471F-9FDD-C3FA032B0EDE}.Release|Any CPU.Build.0 = Release|Any CPU
		{01F575D0-1C7D-471F-9FDD-C3FA032B0EDE}.Release|x64.ActiveCfg = Release|Any CPU
		{01F575D0-1C7D-471F-9FDD-C3FA032B0EDE}.Release|x64.Build.0 = Release|Any CPU
		{01F575D0-1C7D-471F-9FDD-C3FA032B0EDE}.Release|x86.ActiveCfg = Release|Any CPU
		{01F575D0-1C7D-471F-9FDD-C3FA032B0EDE}.Release|x86.Build.0 = Release|Any CPU
		{0F084A5A-1877-4C56-B6E2-E1F654FF3D5E}.Debug|Any CPU.ActiveCfg = Debug|Any CPU
		{0F084A5A-1877-4C56-B6E2-E1F654FF3D5E}.Debug|Any CPU.Build.0 = Debug|Any CPU
		{0F084A5A-1877-4C56-B6E2-E1F654FF3D5E}.Debug|x64.ActiveCfg = Debug|Any CPU
		{0F084A5A-1877-4C56-B6E2-E1F654FF3D5E}.Debug|x64.Build.0 = Debug|Any CPU
		{0F084A5A-1877-4C56-B6E2-E1F654FF3D5E}.Debug|x86.ActiveCfg = Debug|Any CPU
		{0F084A5A-1877-4C56-B6E2-E1F654FF3D5E}.Debug|x86.Build.0 = Debug|Any CPU
		{0F084A5A-1877-4C56-B6E2-E1F654FF3D5E}.Release|Any CPU.ActiveCfg = Release|Any CPU
		{0F084A5A-1877-4C56-B6E2-E1F654FF3D5E}.Release|Any CPU.Build.0 = Release|Any CPU
		{0F084A5A-1877-4C56-B6E2-E1F654FF3D5E}.Release|x64.ActiveCfg = Release|Any CPU
		{0F084A5A-1877-4C56-B6E2-E1F654FF3D5E}.Release|x64.Build.0 = Release|Any CPU
		{0F084A5A-1877-4C56-B6E2-E1F654FF3D5E}.Release|x86.ActiveCfg = Release|Any CPU
		{0F084A5A-1877-4C56-B6E2-E1F654FF3D5E}.Release|x86.Build.0 = Release|Any CPU
		{01D7A395-464F-4F22-B2EA-622B1F636DE7}.Debug|Any CPU.ActiveCfg = Debug|Any CPU
		{01D7A395-464F-4F22-B2EA-622B1F636DE7}.Debug|Any CPU.Build.0 = Debug|Any CPU
		{01D7A395-464F-4F22-B2EA-622B1F636DE7}.Debug|x64.ActiveCfg = Debug|Any CPU
		{01D7A395-464F-4F22-B2EA-622B1F636DE7}.Debug|x64.Build.0 = Debug|Any CPU
		{01D7A395-464F-4F22-B2EA-622B1F636DE7}.Debug|x86.ActiveCfg = Debug|Any CPU
		{01D7A395-464F-4F22-B2EA-622B1F636DE7}.Debug|x86.Build.0 = Debug|Any CPU
		{01D7A395-464F-4F22-B2EA-622B1F636DE7}.Release|Any CPU.ActiveCfg = Release|Any CPU
		{01D7A395-464F-4F22-B2EA-622B1F636DE7}.Release|Any CPU.Build.0 = Release|Any CPU
		{01D7A395-464F-4F22-B2EA-622B1F636DE7}.Release|x64.ActiveCfg = Release|Any CPU
		{01D7A395-464F-4F22-B2EA-622B1F636DE7}.Release|x64.Build.0 = Release|Any CPU
		{01D7A395-464F-4F22-B2EA-622B1F636DE7}.Release|x86.ActiveCfg = Release|Any CPU
		{01D7A395-464F-4F22-B2EA-622B1F636DE7}.Release|x86.Build.0 = Release|Any CPU
		{4BB9AC98-6899-4A8D-A9DF-87006BEC03BC}.Debug|Any CPU.ActiveCfg = Debug|Any CPU
		{4BB9AC98-6899-4A8D-A9DF-87006BEC03BC}.Debug|Any CPU.Build.0 = Debug|Any CPU
		{4BB9AC98-6899-4A8D-A9DF-87006BEC03BC}.Debug|x64.ActiveCfg = Debug|Any CPU
		{4BB9AC98-6899-4A8D-A9DF-87006BEC03BC}.Debug|x64.Build.0 = Debug|Any CPU
		{4BB9AC98-6899-4A8D-A9DF-87006BEC03BC}.Debug|x86.ActiveCfg = Debug|Any CPU
		{4BB9AC98-6899-4A8D-A9DF-87006BEC03BC}.Debug|x86.Build.0 = Debug|Any CPU
		{4BB9AC98-6899-4A8D-A9DF-87006BEC03BC}.Release|Any CPU.ActiveCfg = Release|Any CPU
		{4BB9AC98-6899-4A8D-A9DF-87006BEC03BC}.Release|Any CPU.Build.0 = Release|Any CPU
		{4BB9AC98-6899-4A8D-A9DF-87006BEC03BC}.Release|x64.ActiveCfg = Release|Any CPU
		{4BB9AC98-6899-4A8D-A9DF-87006BEC03BC}.Release|x64.Build.0 = Release|Any CPU
		{4BB9AC98-6899-4A8D-A9DF-87006BEC03BC}.Release|x86.ActiveCfg = Release|Any CPU
		{4BB9AC98-6899-4A8D-A9DF-87006BEC03BC}.Release|x86.Build.0 = Release|Any CPU
		{C079A41D-BA27-43F5-971B-54769624E726}.Debug|Any CPU.ActiveCfg = Debug|Any CPU
		{C079A41D-BA27-43F5-971B-54769624E726}.Debug|Any CPU.Build.0 = Debug|Any CPU
		{C079A41D-BA27-43F5-971B-54769624E726}.Debug|x64.ActiveCfg = Debug|Any CPU
		{C079A41D-BA27-43F5-971B-54769624E726}.Debug|x64.Build.0 = Debug|Any CPU
		{C079A41D-BA27-43F5-971B-54769624E726}.Debug|x86.ActiveCfg = Debug|Any CPU
		{C079A41D-BA27-43F5-971B-54769624E726}.Debug|x86.Build.0 = Debug|Any CPU
		{C079A41D-BA27-43F5-971B-54769624E726}.Release|Any CPU.ActiveCfg = Release|Any CPU
		{C079A41D-BA27-43F5-971B-54769624E726}.Release|Any CPU.Build.0 = Release|Any CPU
		{C079A41D-BA27-43F5-971B-54769624E726}.Release|x64.ActiveCfg = Release|Any CPU
		{C079A41D-BA27-43F5-971B-54769624E726}.Release|x64.Build.0 = Release|Any CPU
		{C079A41D-BA27-43F5-971B-54769624E726}.Release|x86.ActiveCfg = Release|Any CPU
		{C079A41D-BA27-43F5-971B-54769624E726}.Release|x86.Build.0 = Release|Any CPU
		{AF94F755-A0F5-4B5A-8281-C0DF2B45A2C4}.Debug|Any CPU.ActiveCfg = Debug|Any CPU
		{AF94F755-A0F5-4B5A-8281-C0DF2B45A2C4}.Debug|Any CPU.Build.0 = Debug|Any CPU
		{AF94F755-A0F5-4B5A-8281-C0DF2B45A2C4}.Debug|x64.ActiveCfg = Debug|Any CPU
		{AF94F755-A0F5-4B5A-8281-C0DF2B45A2C4}.Debug|x64.Build.0 = Debug|Any CPU
		{AF94F755-A0F5-4B5A-8281-C0DF2B45A2C4}.Debug|x86.ActiveCfg = Debug|Any CPU
		{AF94F755-A0F5-4B5A-8281-C0DF2B45A2C4}.Debug|x86.Build.0 = Debug|Any CPU
		{AF94F755-A0F5-4B5A-8281-C0DF2B45A2C4}.Release|Any CPU.ActiveCfg = Release|Any CPU
		{AF94F755-A0F5-4B5A-8281-C0DF2B45A2C4}.Release|Any CPU.Build.0 = Release|Any CPU
		{AF94F755-A0F5-4B5A-8281-C0DF2B45A2C4}.Release|x64.ActiveCfg = Release|Any CPU
		{AF94F755-A0F5-4B5A-8281-C0DF2B45A2C4}.Release|x64.Build.0 = Release|Any CPU
		{AF94F755-A0F5-4B5A-8281-C0DF2B45A2C4}.Release|x86.ActiveCfg = Release|Any CPU
		{AF94F755-A0F5-4B5A-8281-C0DF2B45A2C4}.Release|x86.Build.0 = Release|Any CPU
		{4ED976DD-3595-4EFB-B971-438050D98232}.Debug|Any CPU.ActiveCfg = Debug|Any CPU
		{4ED976DD-3595-4EFB-B971-438050D98232}.Debug|Any CPU.Build.0 = Debug|Any CPU
		{4ED976DD-3595-4EFB-B971-438050D98232}.Debug|x64.ActiveCfg = Debug|Any CPU
		{4ED976DD-3595-4EFB-B971-438050D98232}.Debug|x64.Build.0 = Debug|Any CPU
		{4ED976DD-3595-4EFB-B971-438050D98232}.Debug|x86.ActiveCfg = Debug|Any CPU
		{4ED976DD-3595-4EFB-B971-438050D98232}.Debug|x86.Build.0 = Debug|Any CPU
		{4ED976DD-3595-4EFB-B971-438050D98232}.Release|Any CPU.ActiveCfg = Release|Any CPU
		{4ED976DD-3595-4EFB-B971-438050D98232}.Release|Any CPU.Build.0 = Release|Any CPU
		{4ED976DD-3595-4EFB-B971-438050D98232}.Release|x64.ActiveCfg = Release|Any CPU
		{4ED976DD-3595-4EFB-B971-438050D98232}.Release|x64.Build.0 = Release|Any CPU
		{4ED976DD-3595-4EFB-B971-438050D98232}.Release|x86.ActiveCfg = Release|Any CPU
		{4ED976DD-3595-4EFB-B971-438050D98232}.Release|x86.Build.0 = Release|Any CPU
		{A321AEF9-B6C7-456A-A880-9C9CA3037121}.Debug|Any CPU.ActiveCfg = Debug|Any CPU
		{A321AEF9-B6C7-456A-A880-9C9CA3037121}.Debug|Any CPU.Build.0 = Debug|Any CPU
		{A321AEF9-B6C7-456A-A880-9C9CA3037121}.Debug|x64.ActiveCfg = Debug|Any CPU
		{A321AEF9-B6C7-456A-A880-9C9CA3037121}.Debug|x64.Build.0 = Debug|Any CPU
		{A321AEF9-B6C7-456A-A880-9C9CA3037121}.Debug|x86.ActiveCfg = Debug|Any CPU
		{A321AEF9-B6C7-456A-A880-9C9CA3037121}.Debug|x86.Build.0 = Debug|Any CPU
		{A321AEF9-B6C7-456A-A880-9C9CA3037121}.Release|Any CPU.ActiveCfg = Release|Any CPU
		{A321AEF9-B6C7-456A-A880-9C9CA3037121}.Release|Any CPU.Build.0 = Release|Any CPU
		{A321AEF9-B6C7-456A-A880-9C9CA3037121}.Release|x64.ActiveCfg = Release|Any CPU
		{A321AEF9-B6C7-456A-A880-9C9CA3037121}.Release|x64.Build.0 = Release|Any CPU
		{A321AEF9-B6C7-456A-A880-9C9CA3037121}.Release|x86.ActiveCfg = Release|Any CPU
		{A321AEF9-B6C7-456A-A880-9C9CA3037121}.Release|x86.Build.0 = Release|Any CPU
		{3A5BE764-904E-430A-BCDA-81E9DE587AF4}.Debug|Any CPU.ActiveCfg = Debug|Any CPU
		{3A5BE764-904E-430A-BCDA-81E9DE587AF4}.Debug|Any CPU.Build.0 = Debug|Any CPU
		{3A5BE764-904E-430A-BCDA-81E9DE587AF4}.Debug|x64.ActiveCfg = Debug|Any CPU
		{3A5BE764-904E-430A-BCDA-81E9DE587AF4}.Debug|x64.Build.0 = Debug|Any CPU
		{3A5BE764-904E-430A-BCDA-81E9DE587AF4}.Debug|x86.ActiveCfg = Debug|Any CPU
		{3A5BE764-904E-430A-BCDA-81E9DE587AF4}.Debug|x86.Build.0 = Debug|Any CPU
		{3A5BE764-904E-430A-BCDA-81E9DE587AF4}.Release|Any CPU.ActiveCfg = Release|Any CPU
		{3A5BE764-904E-430A-BCDA-81E9DE587AF4}.Release|Any CPU.Build.0 = Release|Any CPU
		{3A5BE764-904E-430A-BCDA-81E9DE587AF4}.Release|x64.ActiveCfg = Release|Any CPU
		{3A5BE764-904E-430A-BCDA-81E9DE587AF4}.Release|x64.Build.0 = Release|Any CPU
		{3A5BE764-904E-430A-BCDA-81E9DE587AF4}.Release|x86.ActiveCfg = Release|Any CPU
		{3A5BE764-904E-430A-BCDA-81E9DE587AF4}.Release|x86.Build.0 = Release|Any CPU
		{EEF0E827-01F7-4232-A50D-5485C622F45C}.Debug|Any CPU.ActiveCfg = Debug|Any CPU
		{EEF0E827-01F7-4232-A50D-5485C622F45C}.Debug|Any CPU.Build.0 = Debug|Any CPU
		{EEF0E827-01F7-4232-A50D-5485C622F45C}.Debug|x64.ActiveCfg = Debug|Any CPU
		{EEF0E827-01F7-4232-A50D-5485C622F45C}.Debug|x64.Build.0 = Debug|Any CPU
		{EEF0E827-01F7-4232-A50D-5485C622F45C}.Debug|x86.ActiveCfg = Debug|Any CPU
		{EEF0E827-01F7-4232-A50D-5485C622F45C}.Debug|x86.Build.0 = Debug|Any CPU
		{EEF0E827-01F7-4232-A50D-5485C622F45C}.Release|Any CPU.ActiveCfg = Release|Any CPU
		{EEF0E827-01F7-4232-A50D-5485C622F45C}.Release|Any CPU.Build.0 = Release|Any CPU
		{EEF0E827-01F7-4232-A50D-5485C622F45C}.Release|x64.ActiveCfg = Release|Any CPU
		{EEF0E827-01F7-4232-A50D-5485C622F45C}.Release|x64.Build.0 = Release|Any CPU
		{EEF0E827-01F7-4232-A50D-5485C622F45C}.Release|x86.ActiveCfg = Release|Any CPU
		{EEF0E827-01F7-4232-A50D-5485C622F45C}.Release|x86.Build.0 = Release|Any CPU
		{1105D127-26CC-42EB-88DE-C3325C500EAA}.Debug|Any CPU.ActiveCfg = Debug|Any CPU
		{1105D127-26CC-42EB-88DE-C3325C500EAA}.Debug|Any CPU.Build.0 = Debug|Any CPU
		{1105D127-26CC-42EB-88DE-C3325C500EAA}.Debug|x64.ActiveCfg = Debug|Any CPU
		{1105D127-26CC-42EB-88DE-C3325C500EAA}.Debug|x64.Build.0 = Debug|Any CPU
		{1105D127-26CC-42EB-88DE-C3325C500EAA}.Debug|x86.ActiveCfg = Debug|Any CPU
		{1105D127-26CC-42EB-88DE-C3325C500EAA}.Debug|x86.Build.0 = Debug|Any CPU
		{1105D127-26CC-42EB-88DE-C3325C500EAA}.Release|Any CPU.ActiveCfg = Release|Any CPU
		{1105D127-26CC-42EB-88DE-C3325C500EAA}.Release|Any CPU.Build.0 = Release|Any CPU
		{1105D127-26CC-42EB-88DE-C3325C500EAA}.Release|x64.ActiveCfg = Release|Any CPU
		{1105D127-26CC-42EB-88DE-C3325C500EAA}.Release|x64.Build.0 = Release|Any CPU
		{1105D127-26CC-42EB-88DE-C3325C500EAA}.Release|x86.ActiveCfg = Release|Any CPU
		{1105D127-26CC-42EB-88DE-C3325C500EAA}.Release|x86.Build.0 = Release|Any CPU
		{6DD25D3E-7BC0-4CFE-98C1-76AA0FA67BC2}.Debug|Any CPU.ActiveCfg = Debug|Any CPU
		{6DD25D3E-7BC0-4CFE-98C1-76AA0FA67BC2}.Debug|Any CPU.Build.0 = Debug|Any CPU
		{6DD25D3E-7BC0-4CFE-98C1-76AA0FA67BC2}.Debug|x64.ActiveCfg = Debug|Any CPU
		{6DD25D3E-7BC0-4CFE-98C1-76AA0FA67BC2}.Debug|x64.Build.0 = Debug|Any CPU
		{6DD25D3E-7BC0-4CFE-98C1-76AA0FA67BC2}.Debug|x86.ActiveCfg = Debug|Any CPU
		{6DD25D3E-7BC0-4CFE-98C1-76AA0FA67BC2}.Debug|x86.Build.0 = Debug|Any CPU
		{6DD25D3E-7BC0-4CFE-98C1-76AA0FA67BC2}.Release|Any CPU.ActiveCfg = Release|Any CPU
		{6DD25D3E-7BC0-4CFE-98C1-76AA0FA67BC2}.Release|Any CPU.Build.0 = Release|Any CPU
		{6DD25D3E-7BC0-4CFE-98C1-76AA0FA67BC2}.Release|x64.ActiveCfg = Release|Any CPU
		{6DD25D3E-7BC0-4CFE-98C1-76AA0FA67BC2}.Release|x64.Build.0 = Release|Any CPU
		{6DD25D3E-7BC0-4CFE-98C1-76AA0FA67BC2}.Release|x86.ActiveCfg = Release|Any CPU
		{6DD25D3E-7BC0-4CFE-98C1-76AA0FA67BC2}.Release|x86.Build.0 = Release|Any CPU
		{EA5A479C-53D8-4C55-A0C2-96B2FFAA3570}.Debug|Any CPU.ActiveCfg = Debug|Any CPU
		{EA5A479C-53D8-4C55-A0C2-96B2FFAA3570}.Debug|Any CPU.Build.0 = Debug|Any CPU
		{EA5A479C-53D8-4C55-A0C2-96B2FFAA3570}.Debug|x64.ActiveCfg = Debug|Any CPU
		{EA5A479C-53D8-4C55-A0C2-96B2FFAA3570}.Debug|x64.Build.0 = Debug|Any CPU
		{EA5A479C-53D8-4C55-A0C2-96B2FFAA3570}.Debug|x86.ActiveCfg = Debug|Any CPU
		{EA5A479C-53D8-4C55-A0C2-96B2FFAA3570}.Debug|x86.Build.0 = Debug|Any CPU
		{EA5A479C-53D8-4C55-A0C2-96B2FFAA3570}.Release|Any CPU.ActiveCfg = Release|Any CPU
		{EA5A479C-53D8-4C55-A0C2-96B2FFAA3570}.Release|Any CPU.Build.0 = Release|Any CPU
		{EA5A479C-53D8-4C55-A0C2-96B2FFAA3570}.Release|x64.ActiveCfg = Release|Any CPU
		{EA5A479C-53D8-4C55-A0C2-96B2FFAA3570}.Release|x64.Build.0 = Release|Any CPU
		{EA5A479C-53D8-4C55-A0C2-96B2FFAA3570}.Release|x86.ActiveCfg = Release|Any CPU
		{EA5A479C-53D8-4C55-A0C2-96B2FFAA3570}.Release|x86.Build.0 = Release|Any CPU
		{EB07762E-F077-4F4E-9542-8607F7939BF2}.Debug|Any CPU.ActiveCfg = Debug|Any CPU
		{EB07762E-F077-4F4E-9542-8607F7939BF2}.Debug|Any CPU.Build.0 = Debug|Any CPU
		{EB07762E-F077-4F4E-9542-8607F7939BF2}.Debug|x64.ActiveCfg = Debug|Any CPU
		{EB07762E-F077-4F4E-9542-8607F7939BF2}.Debug|x64.Build.0 = Debug|Any CPU
		{EB07762E-F077-4F4E-9542-8607F7939BF2}.Debug|x86.ActiveCfg = Debug|Any CPU
		{EB07762E-F077-4F4E-9542-8607F7939BF2}.Debug|x86.Build.0 = Debug|Any CPU
		{EB07762E-F077-4F4E-9542-8607F7939BF2}.Release|Any CPU.ActiveCfg = Release|Any CPU
		{EB07762E-F077-4F4E-9542-8607F7939BF2}.Release|Any CPU.Build.0 = Release|Any CPU
		{EB07762E-F077-4F4E-9542-8607F7939BF2}.Release|x64.ActiveCfg = Release|Any CPU
		{EB07762E-F077-4F4E-9542-8607F7939BF2}.Release|x64.Build.0 = Release|Any CPU
		{EB07762E-F077-4F4E-9542-8607F7939BF2}.Release|x86.ActiveCfg = Release|Any CPU
		{EB07762E-F077-4F4E-9542-8607F7939BF2}.Release|x86.Build.0 = Release|Any CPU
		{7D409660-5867-46BC-9D37-2178396E3521}.Debug|Any CPU.ActiveCfg = Debug|Any CPU
		{7D409660-5867-46BC-9D37-2178396E3521}.Debug|Any CPU.Build.0 = Debug|Any CPU
		{7D409660-5867-46BC-9D37-2178396E3521}.Debug|x64.ActiveCfg = Debug|Any CPU
		{7D409660-5867-46BC-9D37-2178396E3521}.Debug|x64.Build.0 = Debug|Any CPU
		{7D409660-5867-46BC-9D37-2178396E3521}.Debug|x86.ActiveCfg = Debug|Any CPU
		{7D409660-5867-46BC-9D37-2178396E3521}.Debug|x86.Build.0 = Debug|Any CPU
		{7D409660-5867-46BC-9D37-2178396E3521}.Release|Any CPU.ActiveCfg = Release|Any CPU
		{7D409660-5867-46BC-9D37-2178396E3521}.Release|Any CPU.Build.0 = Release|Any CPU
		{7D409660-5867-46BC-9D37-2178396E3521}.Release|x64.ActiveCfg = Release|Any CPU
		{7D409660-5867-46BC-9D37-2178396E3521}.Release|x64.Build.0 = Release|Any CPU
		{7D409660-5867-46BC-9D37-2178396E3521}.Release|x86.ActiveCfg = Release|Any CPU
		{7D409660-5867-46BC-9D37-2178396E3521}.Release|x86.Build.0 = Release|Any CPU
		{E383CE1F-16F6-468B-A59A-66E726BF3584}.Debug|Any CPU.ActiveCfg = Debug|Any CPU
		{E383CE1F-16F6-468B-A59A-66E726BF3584}.Debug|Any CPU.Build.0 = Debug|Any CPU
		{E383CE1F-16F6-468B-A59A-66E726BF3584}.Debug|x64.ActiveCfg = Debug|Any CPU
		{E383CE1F-16F6-468B-A59A-66E726BF3584}.Debug|x64.Build.0 = Debug|Any CPU
		{E383CE1F-16F6-468B-A59A-66E726BF3584}.Debug|x86.ActiveCfg = Debug|Any CPU
		{E383CE1F-16F6-468B-A59A-66E726BF3584}.Debug|x86.Build.0 = Debug|Any CPU
		{E383CE1F-16F6-468B-A59A-66E726BF3584}.Release|Any CPU.ActiveCfg = Release|Any CPU
		{E383CE1F-16F6-468B-A59A-66E726BF3584}.Release|Any CPU.Build.0 = Release|Any CPU
		{E383CE1F-16F6-468B-A59A-66E726BF3584}.Release|x64.ActiveCfg = Release|Any CPU
		{E383CE1F-16F6-468B-A59A-66E726BF3584}.Release|x64.Build.0 = Release|Any CPU
		{E383CE1F-16F6-468B-A59A-66E726BF3584}.Release|x86.ActiveCfg = Release|Any CPU
		{E383CE1F-16F6-468B-A59A-66E726BF3584}.Release|x86.Build.0 = Release|Any CPU
		{B5C77B3F-65B8-4CE2-961F-F95ED0206932}.Debug|Any CPU.ActiveCfg = Debug|Any CPU
		{B5C77B3F-65B8-4CE2-961F-F95ED0206932}.Debug|Any CPU.Build.0 = Debug|Any CPU
		{B5C77B3F-65B8-4CE2-961F-F95ED0206932}.Debug|x64.ActiveCfg = Debug|Any CPU
		{B5C77B3F-65B8-4CE2-961F-F95ED0206932}.Debug|x64.Build.0 = Debug|Any CPU
		{B5C77B3F-65B8-4CE2-961F-F95ED0206932}.Debug|x86.ActiveCfg = Debug|Any CPU
		{B5C77B3F-65B8-4CE2-961F-F95ED0206932}.Debug|x86.Build.0 = Debug|Any CPU
		{B5C77B3F-65B8-4CE2-961F-F95ED0206932}.Release|Any CPU.ActiveCfg = Release|Any CPU
		{B5C77B3F-65B8-4CE2-961F-F95ED0206932}.Release|Any CPU.Build.0 = Release|Any CPU
		{B5C77B3F-65B8-4CE2-961F-F95ED0206932}.Release|x64.ActiveCfg = Release|Any CPU
		{B5C77B3F-65B8-4CE2-961F-F95ED0206932}.Release|x64.Build.0 = Release|Any CPU
		{B5C77B3F-65B8-4CE2-961F-F95ED0206932}.Release|x86.ActiveCfg = Release|Any CPU
		{B5C77B3F-65B8-4CE2-961F-F95ED0206932}.Release|x86.Build.0 = Release|Any CPU
		{7913AB8E-AB7A-4C70-9F5E-BEF8A4E69A1A}.Debug|Any CPU.ActiveCfg = Debug|Any CPU
		{7913AB8E-AB7A-4C70-9F5E-BEF8A4E69A1A}.Debug|Any CPU.Build.0 = Debug|Any CPU
		{7913AB8E-AB7A-4C70-9F5E-BEF8A4E69A1A}.Debug|x64.ActiveCfg = Debug|Any CPU
		{7913AB8E-AB7A-4C70-9F5E-BEF8A4E69A1A}.Debug|x64.Build.0 = Debug|Any CPU
		{7913AB8E-AB7A-4C70-9F5E-BEF8A4E69A1A}.Debug|x86.ActiveCfg = Debug|Any CPU
		{7913AB8E-AB7A-4C70-9F5E-BEF8A4E69A1A}.Debug|x86.Build.0 = Debug|Any CPU
		{7913AB8E-AB7A-4C70-9F5E-BEF8A4E69A1A}.Release|Any CPU.ActiveCfg = Release|Any CPU
		{7913AB8E-AB7A-4C70-9F5E-BEF8A4E69A1A}.Release|Any CPU.Build.0 = Release|Any CPU
		{7913AB8E-AB7A-4C70-9F5E-BEF8A4E69A1A}.Release|x64.ActiveCfg = Release|Any CPU
		{7913AB8E-AB7A-4C70-9F5E-BEF8A4E69A1A}.Release|x64.Build.0 = Release|Any CPU
		{7913AB8E-AB7A-4C70-9F5E-BEF8A4E69A1A}.Release|x86.ActiveCfg = Release|Any CPU
		{7913AB8E-AB7A-4C70-9F5E-BEF8A4E69A1A}.Release|x86.Build.0 = Release|Any CPU
		{CC5C6D38-2034-4010-A6A8-D3D516A306A5}.Debug|Any CPU.ActiveCfg = Debug|Win32
		{CC5C6D38-2034-4010-A6A8-D3D516A306A5}.Debug|Any CPU.Build.0 = Debug|Win32
		{CC5C6D38-2034-4010-A6A8-D3D516A306A5}.Debug|x64.ActiveCfg = Debug|x64
		{CC5C6D38-2034-4010-A6A8-D3D516A306A5}.Debug|x64.Build.0 = Debug|x64
		{CC5C6D38-2034-4010-A6A8-D3D516A306A5}.Debug|x86.ActiveCfg = Debug|Win32
		{CC5C6D38-2034-4010-A6A8-D3D516A306A5}.Debug|x86.Build.0 = Debug|Win32
		{CC5C6D38-2034-4010-A6A8-D3D516A306A5}.Release|Any CPU.ActiveCfg = Release|Win32
		{CC5C6D38-2034-4010-A6A8-D3D516A306A5}.Release|x64.ActiveCfg = Release|x64
		{CC5C6D38-2034-4010-A6A8-D3D516A306A5}.Release|x64.Build.0 = Release|x64
		{CC5C6D38-2034-4010-A6A8-D3D516A306A5}.Release|x86.ActiveCfg = Release|Win32
		{CC5C6D38-2034-4010-A6A8-D3D516A306A5}.Release|x86.Build.0 = Release|Win32
		{705177F7-29C1-4ADC-8824-0BB98D86B732}.Debug|Any CPU.ActiveCfg = Debug|Win32
		{705177F7-29C1-4ADC-8824-0BB98D86B732}.Debug|x64.ActiveCfg = Debug|x64
		{705177F7-29C1-4ADC-8824-0BB98D86B732}.Debug|x64.Build.0 = Debug|x64
		{705177F7-29C1-4ADC-8824-0BB98D86B732}.Debug|x86.ActiveCfg = Debug|Win32
		{705177F7-29C1-4ADC-8824-0BB98D86B732}.Debug|x86.Build.0 = Debug|Win32
		{705177F7-29C1-4ADC-8824-0BB98D86B732}.Release|Any CPU.ActiveCfg = Release|Win32
		{705177F7-29C1-4ADC-8824-0BB98D86B732}.Release|x64.ActiveCfg = Release|x64
		{705177F7-29C1-4ADC-8824-0BB98D86B732}.Release|x64.Build.0 = Release|x64
		{705177F7-29C1-4ADC-8824-0BB98D86B732}.Release|x86.ActiveCfg = Release|Win32
		{705177F7-29C1-4ADC-8824-0BB98D86B732}.Release|x86.Build.0 = Release|Win32
		{D0B17E3D-4CD3-4686-877A-79444607D12A}.Debug|Any CPU.ActiveCfg = Debug|Win32
		{D0B17E3D-4CD3-4686-877A-79444607D12A}.Debug|Any CPU.Build.0 = Debug|Win32
		{D0B17E3D-4CD3-4686-877A-79444607D12A}.Debug|x64.ActiveCfg = Debug|x64
		{D0B17E3D-4CD3-4686-877A-79444607D12A}.Debug|x64.Build.0 = Debug|x64
		{D0B17E3D-4CD3-4686-877A-79444607D12A}.Debug|x86.ActiveCfg = Debug|Win32
		{D0B17E3D-4CD3-4686-877A-79444607D12A}.Debug|x86.Build.0 = Debug|Win32
		{D0B17E3D-4CD3-4686-877A-79444607D12A}.Release|Any CPU.ActiveCfg = Release|Win32
		{D0B17E3D-4CD3-4686-877A-79444607D12A}.Release|x64.ActiveCfg = Release|x64
		{D0B17E3D-4CD3-4686-877A-79444607D12A}.Release|x64.Build.0 = Release|x64
		{D0B17E3D-4CD3-4686-877A-79444607D12A}.Release|x86.ActiveCfg = Release|Win32
		{D0B17E3D-4CD3-4686-877A-79444607D12A}.Release|x86.Build.0 = Release|Win32
		{E64E09EB-41AE-4A1B-A711-B511F4CFE560}.Debug|Any CPU.ActiveCfg = Debug|Any CPU
		{E64E09EB-41AE-4A1B-A711-B511F4CFE560}.Debug|Any CPU.Build.0 = Debug|Any CPU
		{E64E09EB-41AE-4A1B-A711-B511F4CFE560}.Debug|x64.ActiveCfg = Debug|Any CPU
		{E64E09EB-41AE-4A1B-A711-B511F4CFE560}.Debug|x64.Build.0 = Debug|Any CPU
		{E64E09EB-41AE-4A1B-A711-B511F4CFE560}.Debug|x86.ActiveCfg = Debug|Any CPU
		{E64E09EB-41AE-4A1B-A711-B511F4CFE560}.Debug|x86.Build.0 = Debug|Any CPU
		{E64E09EB-41AE-4A1B-A711-B511F4CFE560}.Release|Any CPU.ActiveCfg = Release|Any CPU
		{E64E09EB-41AE-4A1B-A711-B511F4CFE560}.Release|Any CPU.Build.0 = Release|Any CPU
		{E64E09EB-41AE-4A1B-A711-B511F4CFE560}.Release|x64.ActiveCfg = Release|Any CPU
		{E64E09EB-41AE-4A1B-A711-B511F4CFE560}.Release|x64.Build.0 = Release|Any CPU
		{E64E09EB-41AE-4A1B-A711-B511F4CFE560}.Release|x86.ActiveCfg = Release|Any CPU
		{E64E09EB-41AE-4A1B-A711-B511F4CFE560}.Release|x86.Build.0 = Release|Any CPU
		{E6972F12-2413-4FFC-8F87-DB7346480714}.Debug|Any CPU.ActiveCfg = Debug|Any CPU
		{E6972F12-2413-4FFC-8F87-DB7346480714}.Debug|Any CPU.Build.0 = Debug|Any CPU
		{E6972F12-2413-4FFC-8F87-DB7346480714}.Debug|x64.ActiveCfg = Debug|Any CPU
		{E6972F12-2413-4FFC-8F87-DB7346480714}.Debug|x64.Build.0 = Debug|Any CPU
		{E6972F12-2413-4FFC-8F87-DB7346480714}.Debug|x86.ActiveCfg = Debug|Any CPU
		{E6972F12-2413-4FFC-8F87-DB7346480714}.Debug|x86.Build.0 = Debug|Any CPU
		{E6972F12-2413-4FFC-8F87-DB7346480714}.Release|Any CPU.ActiveCfg = Release|Any CPU
		{E6972F12-2413-4FFC-8F87-DB7346480714}.Release|Any CPU.Build.0 = Release|Any CPU
		{E6972F12-2413-4FFC-8F87-DB7346480714}.Release|x64.ActiveCfg = Release|Any CPU
		{E6972F12-2413-4FFC-8F87-DB7346480714}.Release|x64.Build.0 = Release|Any CPU
		{E6972F12-2413-4FFC-8F87-DB7346480714}.Release|x86.ActiveCfg = Release|Any CPU
		{E6972F12-2413-4FFC-8F87-DB7346480714}.Release|x86.Build.0 = Release|Any CPU
		{6462B5F9-EDD0-42CF-87F8-A1E8DF447050}.Debug|Any CPU.ActiveCfg = Debug|Any CPU
		{6462B5F9-EDD0-42CF-87F8-A1E8DF447050}.Debug|Any CPU.Build.0 = Debug|Any CPU
		{6462B5F9-EDD0-42CF-87F8-A1E8DF447050}.Debug|x64.ActiveCfg = Debug|Any CPU
		{6462B5F9-EDD0-42CF-87F8-A1E8DF447050}.Debug|x64.Build.0 = Debug|Any CPU
		{6462B5F9-EDD0-42CF-87F8-A1E8DF447050}.Debug|x86.ActiveCfg = Debug|Any CPU
		{6462B5F9-EDD0-42CF-87F8-A1E8DF447050}.Debug|x86.Build.0 = Debug|Any CPU
		{6462B5F9-EDD0-42CF-87F8-A1E8DF447050}.Release|Any CPU.ActiveCfg = Release|Any CPU
		{6462B5F9-EDD0-42CF-87F8-A1E8DF447050}.Release|Any CPU.Build.0 = Release|Any CPU
		{6462B5F9-EDD0-42CF-87F8-A1E8DF447050}.Release|x64.ActiveCfg = Release|Any CPU
		{6462B5F9-EDD0-42CF-87F8-A1E8DF447050}.Release|x64.Build.0 = Release|Any CPU
		{6462B5F9-EDD0-42CF-87F8-A1E8DF447050}.Release|x86.ActiveCfg = Release|Any CPU
		{6462B5F9-EDD0-42CF-87F8-A1E8DF447050}.Release|x86.Build.0 = Release|Any CPU
		{201FB328-514D-4914-9EAA-C6752506DDC3}.Debug|Any CPU.ActiveCfg = Debug|Win32
		{201FB328-514D-4914-9EAA-C6752506DDC3}.Debug|Any CPU.Build.0 = Debug|Win32
		{201FB328-514D-4914-9EAA-C6752506DDC3}.Debug|x64.ActiveCfg = Debug|x64
		{201FB328-514D-4914-9EAA-C6752506DDC3}.Debug|x64.Build.0 = Debug|x64
		{201FB328-514D-4914-9EAA-C6752506DDC3}.Debug|x86.ActiveCfg = Debug|Win32
		{201FB328-514D-4914-9EAA-C6752506DDC3}.Debug|x86.Build.0 = Debug|Win32
		{201FB328-514D-4914-9EAA-C6752506DDC3}.Release|Any CPU.ActiveCfg = Release|Win32
		{201FB328-514D-4914-9EAA-C6752506DDC3}.Release|x64.ActiveCfg = Release|x64
		{201FB328-514D-4914-9EAA-C6752506DDC3}.Release|x64.Build.0 = Release|x64
		{201FB328-514D-4914-9EAA-C6752506DDC3}.Release|x86.ActiveCfg = Release|Win32
		{201FB328-514D-4914-9EAA-C6752506DDC3}.Release|x86.Build.0 = Release|Win32
		{F3533242-FBB0-4FF9-9B3A-C9F0AD977C8C}.Debug|Any CPU.ActiveCfg = Debug|Win32
		{F3533242-FBB0-4FF9-9B3A-C9F0AD977C8C}.Debug|Any CPU.Build.0 = Debug|Win32
		{F3533242-FBB0-4FF9-9B3A-C9F0AD977C8C}.Debug|x64.ActiveCfg = Debug|x64
		{F3533242-FBB0-4FF9-9B3A-C9F0AD977C8C}.Debug|x64.Build.0 = Debug|x64
		{F3533242-FBB0-4FF9-9B3A-C9F0AD977C8C}.Debug|x86.ActiveCfg = Debug|Win32
		{F3533242-FBB0-4FF9-9B3A-C9F0AD977C8C}.Debug|x86.Build.0 = Debug|Win32
		{F3533242-FBB0-4FF9-9B3A-C9F0AD977C8C}.Release|Any CPU.ActiveCfg = Release|Win32
		{F3533242-FBB0-4FF9-9B3A-C9F0AD977C8C}.Release|x64.ActiveCfg = Release|x64
		{F3533242-FBB0-4FF9-9B3A-C9F0AD977C8C}.Release|x64.Build.0 = Release|x64
		{F3533242-FBB0-4FF9-9B3A-C9F0AD977C8C}.Release|x86.ActiveCfg = Release|Win32
		{F3533242-FBB0-4FF9-9B3A-C9F0AD977C8C}.Release|x86.Build.0 = Release|Win32
		{F9F6A666-FF79-401D-B1FA-5A309C06A6E2}.Debug|Any CPU.ActiveCfg = Debug|Any CPU
		{F9F6A666-FF79-401D-B1FA-5A309C06A6E2}.Debug|Any CPU.Build.0 = Debug|Any CPU
		{F9F6A666-FF79-401D-B1FA-5A309C06A6E2}.Debug|x64.ActiveCfg = Debug|Any CPU
		{F9F6A666-FF79-401D-B1FA-5A309C06A6E2}.Debug|x64.Build.0 = Debug|Any CPU
		{F9F6A666-FF79-401D-B1FA-5A309C06A6E2}.Debug|x86.ActiveCfg = Debug|Any CPU
		{F9F6A666-FF79-401D-B1FA-5A309C06A6E2}.Debug|x86.Build.0 = Debug|Any CPU
		{F9F6A666-FF79-401D-B1FA-5A309C06A6E2}.Release|Any CPU.ActiveCfg = Release|Any CPU
		{F9F6A666-FF79-401D-B1FA-5A309C06A6E2}.Release|Any CPU.Build.0 = Release|Any CPU
		{F9F6A666-FF79-401D-B1FA-5A309C06A6E2}.Release|x64.ActiveCfg = Release|Any CPU
		{F9F6A666-FF79-401D-B1FA-5A309C06A6E2}.Release|x64.Build.0 = Release|Any CPU
		{F9F6A666-FF79-401D-B1FA-5A309C06A6E2}.Release|x86.ActiveCfg = Release|Any CPU
		{F9F6A666-FF79-401D-B1FA-5A309C06A6E2}.Release|x86.Build.0 = Release|Any CPU
		{C9073989-E84A-4563-BBAA-43FB6DE012E5}.Debug|Any CPU.ActiveCfg = Debug|Any CPU
		{C9073989-E84A-4563-BBAA-43FB6DE012E5}.Debug|Any CPU.Build.0 = Debug|Any CPU
		{C9073989-E84A-4563-BBAA-43FB6DE012E5}.Debug|x64.ActiveCfg = Debug|Any CPU
		{C9073989-E84A-4563-BBAA-43FB6DE012E5}.Debug|x64.Build.0 = Debug|Any CPU
		{C9073989-E84A-4563-BBAA-43FB6DE012E5}.Debug|x86.ActiveCfg = Debug|Any CPU
		{C9073989-E84A-4563-BBAA-43FB6DE012E5}.Debug|x86.Build.0 = Debug|Any CPU
		{C9073989-E84A-4563-BBAA-43FB6DE012E5}.Release|Any CPU.ActiveCfg = Release|Any CPU
		{C9073989-E84A-4563-BBAA-43FB6DE012E5}.Release|Any CPU.Build.0 = Release|Any CPU
		{C9073989-E84A-4563-BBAA-43FB6DE012E5}.Release|x64.ActiveCfg = Release|Any CPU
		{C9073989-E84A-4563-BBAA-43FB6DE012E5}.Release|x64.Build.0 = Release|Any CPU
		{C9073989-E84A-4563-BBAA-43FB6DE012E5}.Release|x86.ActiveCfg = Release|Any CPU
		{C9073989-E84A-4563-BBAA-43FB6DE012E5}.Release|x86.Build.0 = Release|Any CPU
		{8570C2A6-62CD-4B2A-90F5-6092EEEE1D20}.Debug|Any CPU.ActiveCfg = Debug|Any CPU
		{8570C2A6-62CD-4B2A-90F5-6092EEEE1D20}.Debug|Any CPU.Build.0 = Debug|Any CPU
		{8570C2A6-62CD-4B2A-90F5-6092EEEE1D20}.Debug|x64.ActiveCfg = Debug|Any CPU
		{8570C2A6-62CD-4B2A-90F5-6092EEEE1D20}.Debug|x64.Build.0 = Debug|Any CPU
		{8570C2A6-62CD-4B2A-90F5-6092EEEE1D20}.Debug|x86.ActiveCfg = Debug|Any CPU
		{8570C2A6-62CD-4B2A-90F5-6092EEEE1D20}.Debug|x86.Build.0 = Debug|Any CPU
		{8570C2A6-62CD-4B2A-90F5-6092EEEE1D20}.Release|Any CPU.ActiveCfg = Release|Any CPU
		{8570C2A6-62CD-4B2A-90F5-6092EEEE1D20}.Release|Any CPU.Build.0 = Release|Any CPU
		{8570C2A6-62CD-4B2A-90F5-6092EEEE1D20}.Release|x64.ActiveCfg = Release|Any CPU
		{8570C2A6-62CD-4B2A-90F5-6092EEEE1D20}.Release|x64.Build.0 = Release|Any CPU
		{8570C2A6-62CD-4B2A-90F5-6092EEEE1D20}.Release|x86.ActiveCfg = Release|Any CPU
		{8570C2A6-62CD-4B2A-90F5-6092EEEE1D20}.Release|x86.Build.0 = Release|Any CPU
	EndGlobalSection
	GlobalSection(SolutionProperties) = preSolution
		HideSolutionNode = FALSE
	EndGlobalSection
	GlobalSection(NestedProjects) = preSolution
		{93461725-6346-4FC4-A0CD-2E7758354BC1} = {F6C5D3B6-EB49-4D5F-98CE-064F6F354698}
		{F1875204-BF59-41CB-98FA-E6EDE0C993DE} = {F6C5D3B6-EB49-4D5F-98CE-064F6F354698}
		{84A08118-3AD8-4083-A2A1-1A24BF3182BD} = {F6C5D3B6-EB49-4D5F-98CE-064F6F354698}
		{0896620B-617A-4318-81B7-C221F114DB65} = {F6C5D3B6-EB49-4D5F-98CE-064F6F354698}
		{0F084A5A-1877-4C56-B6E2-E1F654FF3D5E} = {8B12EA6D-FCFA-432E-A6A5-3E6187E57480}
		{01D7A395-464F-4F22-B2EA-622B1F636DE7} = {8B12EA6D-FCFA-432E-A6A5-3E6187E57480}
		{4BB9AC98-6899-4A8D-A9DF-87006BEC03BC} = {8B12EA6D-FCFA-432E-A6A5-3E6187E57480}
		{C079A41D-BA27-43F5-971B-54769624E726} = {8B12EA6D-FCFA-432E-A6A5-3E6187E57480}
		{AF94F755-A0F5-4B5A-8281-C0DF2B45A2C4} = {F6C5D3B6-EB49-4D5F-98CE-064F6F354698}
		{4ED976DD-3595-4EFB-B971-438050D98232} = {F6C5D3B6-EB49-4D5F-98CE-064F6F354698}
		{A321AEF9-B6C7-456A-A880-9C9CA3037121} = {8B12EA6D-FCFA-432E-A6A5-3E6187E57480}
		{3A5BE764-904E-430A-BCDA-81E9DE587AF4} = {8B12EA6D-FCFA-432E-A6A5-3E6187E57480}
		{EEF0E827-01F7-4232-A50D-5485C622F45C} = {8B12EA6D-FCFA-432E-A6A5-3E6187E57480}
		{1105D127-26CC-42EB-88DE-C3325C500EAA} = {8B12EA6D-FCFA-432E-A6A5-3E6187E57480}
		{6DD25D3E-7BC0-4CFE-98C1-76AA0FA67BC2} = {8B12EA6D-FCFA-432E-A6A5-3E6187E57480}
		{EA5A479C-53D8-4C55-A0C2-96B2FFAA3570} = {8B12EA6D-FCFA-432E-A6A5-3E6187E57480}
		{EB07762E-F077-4F4E-9542-8607F7939BF2} = {F6C5D3B6-EB49-4D5F-98CE-064F6F354698}
		{7D409660-5867-46BC-9D37-2178396E3521} = {F6C5D3B6-EB49-4D5F-98CE-064F6F354698}
		{E383CE1F-16F6-468B-A59A-66E726BF3584} = {8B12EA6D-FCFA-432E-A6A5-3E6187E57480}
		{B5C77B3F-65B8-4CE2-961F-F95ED0206932} = {8B12EA6D-FCFA-432E-A6A5-3E6187E57480}
		{7913AB8E-AB7A-4C70-9F5E-BEF8A4E69A1A} = {8B12EA6D-FCFA-432E-A6A5-3E6187E57480}
		{CC5C6D38-2034-4010-A6A8-D3D516A306A5} = {8B12EA6D-FCFA-432E-A6A5-3E6187E57480}
		{D0B17E3D-4CD3-4686-877A-79444607D12A} = {8B12EA6D-FCFA-432E-A6A5-3E6187E57480}
		{E64E09EB-41AE-4A1B-A711-B511F4CFE560} = {F6C5D3B6-EB49-4D5F-98CE-064F6F354698}
		{E6972F12-2413-4FFC-8F87-DB7346480714} = {F6C5D3B6-EB49-4D5F-98CE-064F6F354698}
		{6462B5F9-EDD0-42CF-87F8-A1E8DF447050} = {8B12EA6D-FCFA-432E-A6A5-3E6187E57480}
		{201FB328-514D-4914-9EAA-C6752506DDC3} = {8B12EA6D-FCFA-432E-A6A5-3E6187E57480}
		{F3533242-FBB0-4FF9-9B3A-C9F0AD977C8C} = {8B12EA6D-FCFA-432E-A6A5-3E6187E57480}
		{F9F6A666-FF79-401D-B1FA-5A309C06A6E2} = {F6C5D3B6-EB49-4D5F-98CE-064F6F354698}
		{86BDAAAB-8087-4557-995B-F25D63A146AC} = {F6C5D3B6-EB49-4D5F-98CE-064F6F354698}
		{C9073989-E84A-4563-BBAA-43FB6DE012E5} = {8B12EA6D-FCFA-432E-A6A5-3E6187E57480}
		{8570C2A6-62CD-4B2A-90F5-6092EEEE1D20} = {8B12EA6D-FCFA-432E-A6A5-3E6187E57480}
	EndGlobalSection
	GlobalSection(ExtensibilityGlobals) = postSolution
		SolutionGuid = {A52D590E-F681-46AE-8D79-11010CB74472}
	EndGlobalSection
EndGlobal
